// !$*UTF8*$!
{
	archiveVersion = 1;
	classes = {
	};
	objectVersion = 50;
	objects = {

/* Begin PBXBuildFile section */
		6C5CDE2021E5E2B600A283FB /* AppDelegate.swift in Sources */ = {isa = PBXBuildFile; fileRef = 6C5CDE1F21E5E2B600A283FB /* AppDelegate.swift */; };
		6C5CDE2521E5E2B600A283FB /* Main.storyboard in Resources */ = {isa = PBXBuildFile; fileRef = 6C5CDE2321E5E2B600A283FB /* Main.storyboard */; };
		6C5CDE2721E5E2B700A283FB /* Assets.xcassets in Resources */ = {isa = PBXBuildFile; fileRef = 6C5CDE2621E5E2B700A283FB /* Assets.xcassets */; };
		6C5CDE2A21E5E2B700A283FB /* LaunchScreen.storyboard in Resources */ = {isa = PBXBuildFile; fileRef = 6C5CDE2821E5E2B700A283FB /* LaunchScreen.storyboard */; };
		6C686DAD4FB54F3DE5F4829A /* Pods_CleanemaRx.framework in Frameworks */ = {isa = PBXBuildFile; fileRef = 6C81535D448971FE6009E390 /* Pods_CleanemaRx.framework */; };
		6CBFEF9C21E7791F00D6E649 /* env.swift in Sources */ = {isa = PBXBuildFile; fileRef = 6CBFEF9B21E7791F00D6E649 /* env.swift */; };
		6CBFEFA221E77E3700D6E649 /* Movie.swift in Sources */ = {isa = PBXBuildFile; fileRef = 6CBFEFA121E77E3700D6E649 /* Movie.swift */; };
		6CBFEFA421E780A000D6E649 /* MovieItemController.swift in Sources */ = {isa = PBXBuildFile; fileRef = 6CBFEFA321E780A000D6E649 /* MovieItemController.swift */; };
		6CBFEFA821E7835700D6E649 /* PopularTableController.swift in Sources */ = {isa = PBXBuildFile; fileRef = 6CBFEFA721E7835700D6E649 /* PopularTableController.swift */; };
/* End PBXBuildFile section */

/* Begin PBXFileReference section */
		6C5CDE1C21E5E2B600A283FB /* CleanemaRx.app */ = {isa = PBXFileReference; explicitFileType = wrapper.application; includeInIndex = 0; path = CleanemaRx.app; sourceTree = BUILT_PRODUCTS_DIR; };
		6C5CDE1F21E5E2B600A283FB /* AppDelegate.swift */ = {isa = PBXFileReference; lastKnownFileType = sourcecode.swift; path = AppDelegate.swift; sourceTree = "<group>"; };
		6C5CDE2421E5E2B600A283FB /* Base */ = {isa = PBXFileReference; lastKnownFileType = file.storyboard; name = Base; path = Base.lproj/Main.storyboard; sourceTree = "<group>"; };
		6C5CDE2621E5E2B700A283FB /* Assets.xcassets */ = {isa = PBXFileReference; lastKnownFileType = folder.assetcatalog; path = Assets.xcassets; sourceTree = "<group>"; };
		6C5CDE2921E5E2B700A283FB /* Base */ = {isa = PBXFileReference; lastKnownFileType = file.storyboard; name = Base; path = Base.lproj/LaunchScreen.storyboard; sourceTree = "<group>"; };
		6C5CDE2B21E5E2B700A283FB /* Info.plist */ = {isa = PBXFileReference; lastKnownFileType = text.plist.xml; path = Info.plist; sourceTree = "<group>"; };
		6C81535D448971FE6009E390 /* Pods_CleanemaRx.framework */ = {isa = PBXFileReference; explicitFileType = wrapper.framework; includeInIndex = 0; path = Pods_CleanemaRx.framework; sourceTree = BUILT_PRODUCTS_DIR; };
		6CBFEF9B21E7791F00D6E649 /* env.swift */ = {isa = PBXFileReference; lastKnownFileType = sourcecode.swift; path = env.swift; sourceTree = "<group>"; };
		6CBFEFA121E77E3700D6E649 /* Movie.swift */ = {isa = PBXFileReference; lastKnownFileType = sourcecode.swift; path = Movie.swift; sourceTree = "<group>"; };
		6CBFEFA321E780A000D6E649 /* MovieItemController.swift */ = {isa = PBXFileReference; lastKnownFileType = sourcecode.swift; path = MovieItemController.swift; sourceTree = "<group>"; };
		6CBFEFA721E7835700D6E649 /* PopularTableController.swift */ = {isa = PBXFileReference; lastKnownFileType = sourcecode.swift; path = PopularTableController.swift; sourceTree = "<group>"; };
		941971D025131517359475F1 /* Pods-CleanemaRx.release.xcconfig */ = {isa = PBXFileReference; includeInIndex = 1; lastKnownFileType = text.xcconfig; name = "Pods-CleanemaRx.release.xcconfig"; path = "Pods/Target Support Files/Pods-CleanemaRx/Pods-CleanemaRx.release.xcconfig"; sourceTree = "<group>"; };
		CDFC89DC876F3D7ACD0C5B4D /* Pods-CleanemaRx.debug.xcconfig */ = {isa = PBXFileReference; includeInIndex = 1; lastKnownFileType = text.xcconfig; name = "Pods-CleanemaRx.debug.xcconfig"; path = "Pods/Target Support Files/Pods-CleanemaRx/Pods-CleanemaRx.debug.xcconfig"; sourceTree = "<group>"; };
/* End PBXFileReference section */

/* Begin PBXFrameworksBuildPhase section */
		6C5CDE1921E5E2B600A283FB /* Frameworks */ = {
			isa = PBXFrameworksBuildPhase;
			buildActionMask = 2147483647;
			files = (
				6C686DAD4FB54F3DE5F4829A /* Pods_CleanemaRx.framework in Frameworks */,
			);
			runOnlyForDeploymentPostprocessing = 0;
		};
/* End PBXFrameworksBuildPhase section */

/* Begin PBXGroup section */
		6C5CDE1321E5E2B600A283FB = {
			isa = PBXGroup;
			children = (
				6CBFEF9B21E7791F00D6E649 /* env.swift */,
				6C5CDE1E21E5E2B600A283FB /* CleanemaRx */,
				6C5CDE1D21E5E2B600A283FB /* Products */,
				EE19196C0504F782E369E2FE /* Pods */,
				B94155624C444D26087A3AD3 /* Frameworks */,
			);
			sourceTree = "<group>";
		};
		6C5CDE1D21E5E2B600A283FB /* Products */ = {
			isa = PBXGroup;
			children = (
				6C5CDE1C21E5E2B600A283FB /* CleanemaRx.app */,
			);
			name = Products;
			sourceTree = "<group>";
		};
		6C5CDE1E21E5E2B600A283FB /* CleanemaRx */ = {
			isa = PBXGroup;
			children = (
				6CBFEF9E21E77C2500D6E649 /* Controller */,
				6CBFEF9D21E77C1A00D6E649 /* Model */,
				6C5CDE1F21E5E2B600A283FB /* AppDelegate.swift */,
				6C5CDE2321E5E2B600A283FB /* Main.storyboard */,
				6C5CDE2621E5E2B700A283FB /* Assets.xcassets */,
				6C5CDE2821E5E2B700A283FB /* LaunchScreen.storyboard */,
				6C5CDE2B21E5E2B700A283FB /* Info.plist */,
			);
			path = CleanemaRx;
			sourceTree = "<group>";
		};
		6CBFEF9D21E77C1A00D6E649 /* Model */ = {
			isa = PBXGroup;
			children = (
				6CBFEFA121E77E3700D6E649 /* Movie.swift */,
			);
			path = Model;
			sourceTree = "<group>";
		};
		6CBFEF9E21E77C2500D6E649 /* Controller */ = {
			isa = PBXGroup;
			children = (
				6CBFEFA321E780A000D6E649 /* MovieItemController.swift */,
				6CBFEFA721E7835700D6E649 /* PopularTableController.swift */,
			);
			path = Controller;
			sourceTree = "<group>";
		};
		B94155624C444D26087A3AD3 /* Frameworks */ = {
			isa = PBXGroup;
			children = (
				6C81535D448971FE6009E390 /* Pods_CleanemaRx.framework */,
			);
			name = Frameworks;
			sourceTree = "<group>";
		};
		EE19196C0504F782E369E2FE /* Pods */ = {
			isa = PBXGroup;
			children = (
				CDFC89DC876F3D7ACD0C5B4D /* Pods-CleanemaRx.debug.xcconfig */,
				941971D025131517359475F1 /* Pods-CleanemaRx.release.xcconfig */,
			);
			name = Pods;
			sourceTree = "<group>";
		};
/* End PBXGroup section */

/* Begin PBXNativeTarget section */
		6C5CDE1B21E5E2B600A283FB /* CleanemaRx */ = {
			isa = PBXNativeTarget;
			buildConfigurationList = 6C5CDE2E21E5E2B700A283FB /* Build configuration list for PBXNativeTarget "CleanemaRx" */;
			buildPhases = (
				3B81BEBE1FC58F46781EB63D /* [CP] Check Pods Manifest.lock */,
				6C5CDE1821E5E2B600A283FB /* Sources */,
				6C5CDE1921E5E2B600A283FB /* Frameworks */,
				6C5CDE1A21E5E2B600A283FB /* Resources */,
				3CF2C7C9F4BF3CD5D7D066CB /* [CP] Embed Pods Frameworks */,
				6CBFEF9A21E773A500D6E649 /* ShellScript */,
			);
			buildRules = (
			);
			dependencies = (
			);
			name = CleanemaRx;
			productName = CleanemaRx;
			productReference = 6C5CDE1C21E5E2B600A283FB /* CleanemaRx.app */;
			productType = "com.apple.product-type.application";
		};
/* End PBXNativeTarget section */

/* Begin PBXProject section */
		6C5CDE1421E5E2B600A283FB /* Project object */ = {
			isa = PBXProject;
			attributes = {
				LastSwiftUpdateCheck = 1010;
				LastUpgradeCheck = 1010;
				ORGANIZATIONNAME = "Ganesha Danu";
				TargetAttributes = {
					6C5CDE1B21E5E2B600A283FB = {
						CreatedOnToolsVersion = 10.1;
					};
				};
			};
			buildConfigurationList = 6C5CDE1721E5E2B600A283FB /* Build configuration list for PBXProject "CleanemaRx" */;
			compatibilityVersion = "Xcode 9.3";
			developmentRegion = en;
			hasScannedForEncodings = 0;
			knownRegions = (
				en,
				Base,
			);
			mainGroup = 6C5CDE1321E5E2B600A283FB;
			productRefGroup = 6C5CDE1D21E5E2B600A283FB /* Products */;
			projectDirPath = "";
			projectRoot = "";
			targets = (
				6C5CDE1B21E5E2B600A283FB /* CleanemaRx */,
			);
		};
/* End PBXProject section */

/* Begin PBXResourcesBuildPhase section */
		6C5CDE1A21E5E2B600A283FB /* Resources */ = {
			isa = PBXResourcesBuildPhase;
			buildActionMask = 2147483647;
			files = (
				6C5CDE2A21E5E2B700A283FB /* LaunchScreen.storyboard in Resources */,
				6C5CDE2721E5E2B700A283FB /* Assets.xcassets in Resources */,
				6C5CDE2521E5E2B600A283FB /* Main.storyboard in Resources */,
			);
			runOnlyForDeploymentPostprocessing = 0;
		};
/* End PBXResourcesBuildPhase section */

/* Begin PBXShellScriptBuildPhase section */
		3B81BEBE1FC58F46781EB63D /* [CP] Check Pods Manifest.lock */ = {
			isa = PBXShellScriptBuildPhase;
			buildActionMask = 2147483647;
			files = (
			);
			inputFileListPaths = (
			);
			inputPaths = (
				"${PODS_PODFILE_DIR_PATH}/Podfile.lock",
				"${PODS_ROOT}/Manifest.lock",
			);
			name = "[CP] Check Pods Manifest.lock";
			outputFileListPaths = (
			);
			outputPaths = (
				"$(DERIVED_FILE_DIR)/Pods-CleanemaRx-checkManifestLockResult.txt",
			);
			runOnlyForDeploymentPostprocessing = 0;
			shellPath = /bin/sh;
			shellScript = "diff \"${PODS_PODFILE_DIR_PATH}/Podfile.lock\" \"${PODS_ROOT}/Manifest.lock\" > /dev/null\nif [ $? != 0 ] ; then\n    # print error to STDERR\n    echo \"error: The sandbox is not in sync with the Podfile.lock. Run 'pod install' or update your CocoaPods installation.\" >&2\n    exit 1\nfi\n# This output is used by Xcode 'outputs' to avoid re-running this script phase.\necho \"SUCCESS\" > \"${SCRIPT_OUTPUT_FILE_0}\"\n";
			showEnvVarsInLog = 0;
		};
		3CF2C7C9F4BF3CD5D7D066CB /* [CP] Embed Pods Frameworks */ = {
			isa = PBXShellScriptBuildPhase;
			buildActionMask = 2147483647;
			files = (
			);
			inputFileListPaths = (
			);
			inputPaths = (
				"${SRCROOT}/Pods/Target Support Files/Pods-CleanemaRx/Pods-CleanemaRx-frameworks.sh",
				"${BUILT_PRODUCTS_DIR}/RxAtomic/RxAtomic.framework",
				"${BUILT_PRODUCTS_DIR}/RxSwift/RxSwift.framework",
			);
			name = "[CP] Embed Pods Frameworks";
			outputFileListPaths = (
			);
			outputPaths = (
				"${TARGET_BUILD_DIR}/${FRAMEWORKS_FOLDER_PATH}/RxAtomic.framework",
				"${TARGET_BUILD_DIR}/${FRAMEWORKS_FOLDER_PATH}/RxSwift.framework",
			);
			runOnlyForDeploymentPostprocessing = 0;
			shellPath = /bin/sh;
			shellScript = "\"${SRCROOT}/Pods/Target Support Files/Pods-CleanemaRx/Pods-CleanemaRx-frameworks.sh\"\n";
			showEnvVarsInLog = 0;
		};
		6CBFEF9A21E773A500D6E649 /* ShellScript */ = {
			isa = PBXShellScriptBuildPhase;
			buildActionMask = 2147483647;
			files = (
			);
			inputFileListPaths = (
			);
			inputPaths = (
			);
			outputFileListPaths = (
			);
			outputPaths = (
			);
			runOnlyForDeploymentPostprocessing = 0;
			shellPath = /bin/sh;
			shellScript = "if which swiftlint >/dev/null; then\nswiftlint\nelse echo \"warning: SwiftLint not installed, download from https://github.com/realm/SwiftLint\"\nfi\n";
		};
/* End PBXShellScriptBuildPhase section */

/* Begin PBXSourcesBuildPhase section */
		6C5CDE1821E5E2B600A283FB /* Sources */ = {
			isa = PBXSourcesBuildPhase;
			buildActionMask = 2147483647;
			files = (
				6CBFEFA821E7835700D6E649 /* PopularTableController.swift in Sources */,
				6C5CDE2021E5E2B600A283FB /* AppDelegate.swift in Sources */,
				6CBFEF9C21E7791F00D6E649 /* env.swift in Sources */,
				6CBFEFA221E77E3700D6E649 /* Movie.swift in Sources */,
				6CBFEFA421E780A000D6E649 /* MovieItemController.swift in Sources */,
			);
			runOnlyForDeploymentPostprocessing = 0;
		};
/* End PBXSourcesBuildPhase section */

/* Begin PBXVariantGroup section */
		6C5CDE2321E5E2B600A283FB /* Main.storyboard */ = {
			isa = PBXVariantGroup;
			children = (
				6C5CDE2421E5E2B600A283FB /* Base */,
			);
			name = Main.storyboard;
			sourceTree = "<group>";
		};
		6C5CDE2821E5E2B700A283FB /* LaunchScreen.storyboard */ = {
			isa = PBXVariantGroup;
			children = (
				6C5CDE2921E5E2B700A283FB /* Base */,
			);
			name = LaunchScreen.storyboard;
			sourceTree = "<group>";
		};
/* End PBXVariantGroup section */

/* Begin XCBuildConfiguration section */
		6C5CDE2C21E5E2B700A283FB /* Debug */ = {
			isa = XCBuildConfiguration;
			buildSettings = {
				ALWAYS_SEARCH_USER_PATHS = NO;
				CLANG_ANALYZER_NONNULL = YES;
				CLANG_ANALYZER_NUMBER_OBJECT_CONVERSION = YES_AGGRESSIVE;
				CLANG_CXX_LANGUAGE_STANDARD = "gnu++14";
				CLANG_CXX_LIBRARY = "libc++";
				CLANG_ENABLE_MODULES = YES;
				CLANG_ENABLE_OBJC_ARC = YES;
				CLANG_ENABLE_OBJC_WEAK = YES;
				CLANG_WARN_BLOCK_CAPTURE_AUTORELEASING = YES;
				CLANG_WARN_BOOL_CONVERSION = YES;
				CLANG_WARN_COMMA = YES;
				CLANG_WARN_CONSTANT_CONVERSION = YES;
				CLANG_WARN_DEPRECATED_OBJC_IMPLEMENTATIONS = YES;
				CLANG_WARN_DIRECT_OBJC_ISA_USAGE = YES_ERROR;
				CLANG_WARN_DOCUMENTATION_COMMENTS = YES;
				CLANG_WARN_EMPTY_BODY = YES;
				CLANG_WARN_ENUM_CONVERSION = YES;
				CLANG_WARN_INFINITE_RECURSION = YES;
				CLANG_WARN_INT_CONVERSION = YES;
				CLANG_WARN_NON_LITERAL_NULL_CONVERSION = YES;
				CLANG_WARN_OBJC_IMPLICIT_RETAIN_SELF = YES;
				CLANG_WARN_OBJC_LITERAL_CONVERSION = YES;
				CLANG_WARN_OBJC_ROOT_CLASS = YES_ERROR;
				CLANG_WARN_RANGE_LOOP_ANALYSIS = YES;
				CLANG_WARN_STRICT_PROTOTYPES = YES;
				CLANG_WARN_SUSPICIOUS_MOVE = YES;
				CLANG_WARN_UNGUARDED_AVAILABILITY = YES_AGGRESSIVE;
				CLANG_WARN_UNREACHABLE_CODE = YES;
				CLANG_WARN__DUPLICATE_METHOD_MATCH = YES;
				CODE_SIGN_IDENTITY = "iPhone Developer";
				COPY_PHASE_STRIP = NO;
				DEBUG_INFORMATION_FORMAT = dwarf;
				ENABLE_STRICT_OBJC_MSGSEND = YES;
				ENABLE_TESTABILITY = YES;
				GCC_C_LANGUAGE_STANDARD = gnu11;
				GCC_DYNAMIC_NO_PIC = NO;
				GCC_NO_COMMON_BLOCKS = YES;
				GCC_OPTIMIZATION_LEVEL = 0;
				GCC_PREPROCESSOR_DEFINITIONS = (
					"DEBUG=1",
					"$(inherited)",
				);
				GCC_WARN_64_TO_32_BIT_CONVERSION = YES;
				GCC_WARN_ABOUT_RETURN_TYPE = YES_ERROR;
				GCC_WARN_UNDECLARED_SELECTOR = YES;
				GCC_WARN_UNINITIALIZED_AUTOS = YES_AGGRESSIVE;
				GCC_WARN_UNUSED_FUNCTION = YES;
				GCC_WARN_UNUSED_VARIABLE = YES;
				IPHONEOS_DEPLOYMENT_TARGET = 12.1;
				MTL_ENABLE_DEBUG_INFO = INCLUDE_SOURCE;
				MTL_FAST_MATH = YES;
				ONLY_ACTIVE_ARCH = YES;
				SDKROOT = iphoneos;
				SWIFT_ACTIVE_COMPILATION_CONDITIONS = DEBUG;
				SWIFT_OPTIMIZATION_LEVEL = "-Onone";
			};
			name = Debug;
		};
		6C5CDE2D21E5E2B700A283FB /* Release */ = {
			isa = XCBuildConfiguration;
			buildSettings = {
				ALWAYS_SEARCH_USER_PATHS = NO;
				CLANG_ANALYZER_NONNULL = YES;
				CLANG_ANALYZER_NUMBER_OBJECT_CONVERSION = YES_AGGRESSIVE;
				CLANG_CXX_LANGUAGE_STANDARD = "gnu++14";
				CLANG_CXX_LIBRARY = "libc++";
				CLANG_ENABLE_MODULES = YES;
				CLANG_ENABLE_OBJC_ARC = YES;
				CLANG_ENABLE_OBJC_WEAK = YES;
				CLANG_WARN_BLOCK_CAPTURE_AUTORELEASING = YES;
				CLANG_WARN_BOOL_CONVERSION = YES;
				CLANG_WARN_COMMA = YES;
				CLANG_WARN_CONSTANT_CONVERSION = YES;
				CLANG_WARN_DEPRECATED_OBJC_IMPLEMENTATIONS = YES;
				CLANG_WARN_DIRECT_OBJC_ISA_USAGE = YES_ERROR;
				CLANG_WARN_DOCUMENTATION_COMMENTS = YES;
				CLANG_WARN_EMPTY_BODY = YES;
				CLANG_WARN_ENUM_CONVERSION = YES;
				CLANG_WARN_INFINITE_RECURSION = YES;
				CLANG_WARN_INT_CONVERSION = YES;
				CLANG_WARN_NON_LITERAL_NULL_CONVERSION = YES;
				CLANG_WARN_OBJC_IMPLICIT_RETAIN_SELF = YES;
				CLANG_WARN_OBJC_LITERAL_CONVERSION = YES;
				CLANG_WARN_OBJC_ROOT_CLASS = YES_ERROR;
				CLANG_WARN_RANGE_LOOP_ANALYSIS = YES;
				CLANG_WARN_STRICT_PROTOTYPES = YES;
				CLANG_WARN_SUSPICIOUS_MOVE = YES;
				CLANG_WARN_UNGUARDED_AVAILABILITY = YES_AGGRESSIVE;
				CLANG_WARN_UNREACHABLE_CODE = YES;
				CLANG_WARN__DUPLICATE_METHOD_MATCH = YES;
				CODE_SIGN_IDENTITY = "iPhone Developer";
				COPY_PHASE_STRIP = NO;
				DEBUG_INFORMATION_FORMAT = "dwarf-with-dsym";
				ENABLE_NS_ASSERTIONS = NO;
				ENABLE_STRICT_OBJC_MSGSEND = YES;
				GCC_C_LANGUAGE_STANDARD = gnu11;
				GCC_NO_COMMON_BLOCKS = YES;
				GCC_WARN_64_TO_32_BIT_CONVERSION = YES;
				GCC_WARN_ABOUT_RETURN_TYPE = YES_ERROR;
				GCC_WARN_UNDECLARED_SELECTOR = YES;
				GCC_WARN_UNINITIALIZED_AUTOS = YES_AGGRESSIVE;
				GCC_WARN_UNUSED_FUNCTION = YES;
				GCC_WARN_UNUSED_VARIABLE = YES;
				IPHONEOS_DEPLOYMENT_TARGET = 12.1;
				MTL_ENABLE_DEBUG_INFO = NO;
				MTL_FAST_MATH = YES;
				SDKROOT = iphoneos;
				SWIFT_COMPILATION_MODE = wholemodule;
				SWIFT_OPTIMIZATION_LEVEL = "-O";
				VALIDATE_PRODUCT = YES;
			};
			name = Release;
		};
		6C5CDE2F21E5E2B700A283FB /* Debug */ = {
			isa = XCBuildConfiguration;
			baseConfigurationReference = CDFC89DC876F3D7ACD0C5B4D /* Pods-CleanemaRx.debug.xcconfig */;
			buildSettings = {
				ASSETCATALOG_COMPILER_APPICON_NAME = AppIcon;
				CODE_SIGN_STYLE = Automatic;
				DEVELOPMENT_TEAM = "";
				INFOPLIST_FILE = CleanemaRx/Info.plist;
				LD_RUNPATH_SEARCH_PATHS = (
					"$(inherited)",
					"@executable_path/Frameworks",
				);
				PRODUCT_BUNDLE_IDENTIFIER = com.blinfoldking.CleanemaRx;
				PRODUCT_NAME = "$(TARGET_NAME)";
				SWIFT_VERSION = 4.2;
				TARGETED_DEVICE_FAMILY = 1;
			};
			name = Debug;
		};
		6C5CDE3021E5E2B700A283FB /* Release */ = {
			isa = XCBuildConfiguration;
			baseConfigurationReference = 941971D025131517359475F1 /* Pods-CleanemaRx.release.xcconfig */;
			buildSettings = {
				ASSETCATALOG_COMPILER_APPICON_NAME = AppIcon;
				CODE_SIGN_STYLE = Automatic;
				DEVELOPMENT_TEAM = "";
				INFOPLIST_FILE = CleanemaRx/Info.plist;
				LD_RUNPATH_SEARCH_PATHS = (
					"$(inherited)",
					"@executable_path/Frameworks",
				);
				PRODUCT_BUNDLE_IDENTIFIER = com.blinfoldking.CleanemaRx;
				PRODUCT_NAME = "$(TARGET_NAME)";
				SWIFT_VERSION = 4.2;
				TARGETED_DEVICE_FAMILY = 1;
			};
			name = Release;
		};
/* End XCBuildConfiguration section */

/* Begin XCConfigurationList section */
		6C5CDE1721E5E2B600A283FB /* Build configuration list for PBXProject "CleanemaRx" */ = {
			isa = XCConfigurationList;
			buildConfigurations = (
				6C5CDE2C21E5E2B700A283FB /* Debug */,
				6C5CDE2D21E5E2B700A283FB /* Release */,
			);
			defaultConfigurationIsVisible = 0;
			defaultConfigurationName = Release;
		};
		6C5CDE2E21E5E2B700A283FB /* Build configuration list for PBXNativeTarget "CleanemaRx" */ = {
			isa = XCConfigurationList;
			buildConfigurations = (
				6C5CDE2F21E5E2B700A283FB /* Debug */,
				6C5CDE3021E5E2B700A283FB /* Release */,
			);
			defaultConfigurationIsVisible = 0;
			defaultConfigurationName = Release;
		};
/* End XCConfigurationList section */
	};
	rootObject = 6C5CDE1421E5E2B600A283FB /* Project object */;
}
